
Microsoft Visual Studio Solution File, Format Version 12.00
# Visual Studio 2013
VisualStudioVersion = 12.0.21005.1
MinimumVisualStudioVersion = 10.0.40219.1
Project("{8BC9CEB8-8B4A-11D0-8D11-00A0C91BC942}") = "Capital_or_Small_or_digit", "Capital_or_Small_or_digit\Capital_or_Small_or_digit.vcxproj", "{18BD6175-C7A4-428B-A109-B6AEB898E74B}"
EndProject
Global
	GlobalSection(SolutionConfigurationPlatforms) = preSolution
		Debug|Win32 = Debug|Win32
		Release|Win32 = Release|Win32
	EndGlobalSection
	GlobalSection(ProjectConfigurationPlatforms) = postSolution
		{18BD6175-C7A4-428B-A109-B6AEB898E74B}.Debug|Win32.ActiveCfg = Debug|Win32
		{18BD6175-C7A4-428B-A109-B6AEB898E74B}.Debug|Win32.Build.0 = Debug|Win32
		{18BD6175-C7A4-428B-A109-B6AEB898E74B}.Release|Win32.ActiveCfg = Release|Win32
		{18BD6175-C7A4-428B-A109-B6AEB898E74B}.Release|Win32.Build.0 = Release|Win32
	EndGlobalSection
	GlobalSection(SolutionProperties) = preSolution
		HideSolutionNode = FALSE
	EndGlobalSection
EndGlobal
